// !$*UTF8*$!
{
	archiveVersion = 1;
	classes = {
	};
	objectVersion = 46;
	objects = {

/* Begin PBXBuildFile section */
		E728343E1D66D6CB00793F82 /* PhysicsWorld.hs in Sources */ = {isa = PBXBuildFile; fileRef = E728343B1D66D6B200793F82 /* PhysicsWorld.hs */; };
		E728343F1D66D6D300793F82 /* PhysicsBody.hs in Sources */ = {isa = PBXBuildFile; fileRef = E728343A1D66D6B200793F82 /* PhysicsBody.hs */; };
		E731780B19FF835700D8FDC0 /* Color.hs in Sources */ = {isa = PBXBuildFile; fileRef = E791CF8519FCA81B00DECDC4 /* Color.hs */; };
		E731780C19FF835900D8FDC0 /* Geometry.hs in Sources */ = {isa = PBXBuildFile; fileRef = E791CF8619FCA81B00DECDC4 /* Geometry.hs */; };
		E731780D19FF835B00D8FDC0 /* Node.hs in Sources */ = {isa = PBXBuildFile; fileRef = E791CF8719FCA81B00DECDC4 /* Node.hs */; };
		E731780E19FF835C00D8FDC0 /* Texture.hs in Sources */ = {isa = PBXBuildFile; fileRef = E791CF8819FCA81B00DECDC4 /* Texture.hs */; };
		E731781319FFA3C800D8FDC0 /* HaskellSKDisplay.swift in Sources */ = {isa = PBXBuildFile; fileRef = E731781219FFA3C800D8FDC0 /* HaskellSKDisplay.swift */; };
		E7802A631C04020E00984E02 /* FixShapeNode.swift in Sources */ = {isa = PBXBuildFile; fileRef = E7802A621C04020E00984E02 /* FixShapeNode.swift */; };
		E78531171A36FBB400B6A6B0 /* Event.hs in Sources */ = {isa = PBXBuildFile; fileRef = E78531151A36FB9800B6A6B0 /* Event.hs */; };
		E790190D1A2435C200866C23 /* Action.hs in Sources */ = {isa = PBXBuildFile; fileRef = E790190B1A24358E00866C23 /* Action.hs */; };
		E791CF5E19FA595A00DECDC4 /* HaskellSpriteKit.h in Headers */ = {isa = PBXBuildFile; fileRef = E791CF5D19FA595A00DECDC4 /* HaskellSpriteKit.h */; settings = {ATTRIBUTES = (Public, ); }; };
		E791CF6419FA595A00DECDC4 /* HaskellSpriteKit.framework in Frameworks */ = {isa = PBXBuildFile; fileRef = E791CF5819FA595A00DECDC4 /* HaskellSpriteKit.framework */; };
		E791CF6B19FA595A00DECDC4 /* HaskellSpriteKitTests.swift in Sources */ = {isa = PBXBuildFile; fileRef = E791CF6A19FA595A00DECDC4 /* HaskellSpriteKitTests.swift */; };
		E7C2E2CB1A3083F200ECE3D3 /* Scene.hs in Sources */ = {isa = PBXBuildFile; fileRef = E7BDCA7B1A2EC74100FF02A0 /* Scene.hs */; };
		E7C2E2D01A317D1600ECE3D3 /* StablePtrBox.h in Headers */ = {isa = PBXBuildFile; fileRef = E7C2E2CE1A317D1600ECE3D3 /* StablePtrBox.h */; };
		E7C2E2D11A317D1600ECE3D3 /* StablePtrBox.m in Sources */ = {isa = PBXBuildFile; fileRef = E7C2E2CF1A317D1600ECE3D3 /* StablePtrBox.m */; };
		E7C5DB361A0B3C2D002F6469 /* Path.hs in Sources */ = {isa = PBXBuildFile; fileRef = E7C5DB341A0B3C19002F6469 /* Path.hs */; };
		E7C9F01F1A6E3EA100913B76 /* Image.hs in Sources */ = {isa = PBXBuildFile; fileRef = E7C9F01D1A6E3E6600913B76 /* Image.hs */; };
/* End PBXBuildFile section */

/* Begin PBXBuildRule section */
		E731780A19FF822000D8FDC0 /* PBXBuildRule */ = {
			isa = PBXBuildRule;
			compilerSpec = com.apple.compilers.proxy.script;
			filePatterns = "*.hs";
			fileType = pattern.proxy;
			isEditable = 1;
			outputFiles = (
				"$(DERIVED_FILE_DIR)/$(INPUT_FILE_BASE)_objc.m",
			);
			script = "echo Tell Xcode to compile the _objc.m\ntouch ${SCRIPT_OUTPUT_FILE_0}\n";
		};
/* End PBXBuildRule section */

/* Begin PBXContainerItemProxy section */
		E791CF6519FA595A00DECDC4 /* PBXContainerItemProxy */ = {
			isa = PBXContainerItemProxy;
			containerPortal = E791CF4F19FA595A00DECDC4 /* Project object */;
			proxyType = 1;
			remoteGlobalIDString = E791CF5719FA595A00DECDC4;
			remoteInfo = HaskellSpriteKit;
		};
/* End PBXContainerItemProxy section */

/* Begin PBXFileReference section */
		E725AA3F1A2464AD00A40C62 /* Types.hs */ = {isa = PBXFileReference; fileEncoding = 4; lastKnownFileType = text; path = Types.hs; sourceTree = "<group>"; };
		E728343A1D66D6B200793F82 /* PhysicsBody.hs */ = {isa = PBXFileReference; fileEncoding = 4; lastKnownFileType = text; path = PhysicsBody.hs; sourceTree = "<group>"; };
		E728343B1D66D6B200793F82 /* PhysicsWorld.hs */ = {isa = PBXFileReference; fileEncoding = 4; lastKnownFileType = text; path = PhysicsWorld.hs; sourceTree = "<group>"; };
		E731781219FFA3C800D8FDC0 /* HaskellSKDisplay.swift */ = {isa = PBXFileReference; fileEncoding = 4; lastKnownFileType = sourcecode.swift; path = HaskellSKDisplay.swift; sourceTree = "<group>"; };
		E74788961A2B1BF900602E9E /* IO.hs */ = {isa = PBXFileReference; fileEncoding = 4; lastKnownFileType = text; path = IO.hs; sourceTree = "<group>"; };
		E7802A621C04020E00984E02 /* FixShapeNode.swift */ = {isa = PBXFileReference; fileEncoding = 4; lastKnownFileType = sourcecode.swift; path = FixShapeNode.swift; sourceTree = "<group>"; };
		E78531151A36FB9800B6A6B0 /* Event.hs */ = {isa = PBXFileReference; fileEncoding = 4; lastKnownFileType = text; path = Event.hs; sourceTree = "<group>"; };
		E790190B1A24358E00866C23 /* Action.hs */ = {isa = PBXFileReference; fileEncoding = 4; lastKnownFileType = text; path = Action.hs; sourceTree = "<group>"; };
		E791CF5819FA595A00DECDC4 /* HaskellSpriteKit.framework */ = {isa = PBXFileReference; explicitFileType = wrapper.framework; includeInIndex = 0; path = HaskellSpriteKit.framework; sourceTree = BUILT_PRODUCTS_DIR; };
		E791CF5C19FA595A00DECDC4 /* Info.plist */ = {isa = PBXFileReference; lastKnownFileType = text.plist.xml; path = Info.plist; sourceTree = "<group>"; };
		E791CF5D19FA595A00DECDC4 /* HaskellSpriteKit.h */ = {isa = PBXFileReference; lastKnownFileType = sourcecode.c.h; path = HaskellSpriteKit.h; sourceTree = "<group>"; };
		E791CF6319FA595A00DECDC4 /* HaskellSpriteKitTests.xctest */ = {isa = PBXFileReference; explicitFileType = wrapper.cfbundle; includeInIndex = 0; path = HaskellSpriteKitTests.xctest; sourceTree = BUILT_PRODUCTS_DIR; };
		E791CF6919FA595A00DECDC4 /* Info.plist */ = {isa = PBXFileReference; lastKnownFileType = text.plist.xml; path = Info.plist; sourceTree = "<group>"; };
		E791CF6A19FA595A00DECDC4 /* HaskellSpriteKitTests.swift */ = {isa = PBXFileReference; lastKnownFileType = sourcecode.swift; path = HaskellSpriteKitTests.swift; sourceTree = "<group>"; };
		E791CF8219FCA80A00DECDC4 /* SpriteKit.hs */ = {isa = PBXFileReference; fileEncoding = 4; lastKnownFileType = text; name = SpriteKit.hs; path = spritekit/Graphics/SpriteKit.hs; sourceTree = "<group>"; };
		E791CF8519FCA81B00DECDC4 /* Color.hs */ = {isa = PBXFileReference; fileEncoding = 4; lastKnownFileType = text; path = Color.hs; sourceTree = "<group>"; };
		E791CF8619FCA81B00DECDC4 /* Geometry.hs */ = {isa = PBXFileReference; fileEncoding = 4; lastKnownFileType = text; path = Geometry.hs; sourceTree = "<group>"; };
		E791CF8719FCA81B00DECDC4 /* Node.hs */ = {isa = PBXFileReference; fileEncoding = 4; lastKnownFileType = text; path = Node.hs; sourceTree = "<group>"; };
		E791CF8819FCA81B00DECDC4 /* Texture.hs */ = {isa = PBXFileReference; fileEncoding = 4; lastKnownFileType = text; path = Texture.hs; sourceTree = "<group>"; };
		E791CF8D19FCAB9C00DECDC4 /* spritekit.cabal */ = {isa = PBXFileReference; fileEncoding = 4; lastKnownFileType = text; name = spritekit.cabal; path = spritekit/spritekit.cabal; sourceTree = "<group>"; };
		E7A6E37C1D8E74CD001052EB /* CompileHaskellFiles.sh */ = {isa = PBXFileReference; lastKnownFileType = text.script.sh; path = CompileHaskellFiles.sh; sourceTree = "<group>"; };
		E7BDCA7B1A2EC74100FF02A0 /* Scene.hs */ = {isa = PBXFileReference; fileEncoding = 4; lastKnownFileType = text; path = Scene.hs; sourceTree = "<group>"; };
		E7C2E2CE1A317D1600ECE3D3 /* StablePtrBox.h */ = {isa = PBXFileReference; fileEncoding = 4; lastKnownFileType = sourcecode.c.h; path = StablePtrBox.h; sourceTree = "<group>"; };
		E7C2E2CF1A317D1600ECE3D3 /* StablePtrBox.m */ = {isa = PBXFileReference; fileEncoding = 4; lastKnownFileType = sourcecode.c.objc; path = StablePtrBox.m; sourceTree = "<group>"; };
		E7C5DB341A0B3C19002F6469 /* Path.hs */ = {isa = PBXFileReference; fileEncoding = 4; lastKnownFileType = text; path = Path.hs; sourceTree = "<group>"; };
		E7C9F01D1A6E3E6600913B76 /* Image.hs */ = {isa = PBXFileReference; fileEncoding = 4; lastKnownFileType = text; path = Image.hs; sourceTree = "<group>"; };
/* End PBXFileReference section */

/* Begin PBXFrameworksBuildPhase section */
		E791CF6019FA595A00DECDC4 /* Frameworks */ = {
			isa = PBXFrameworksBuildPhase;
			buildActionMask = 2147483647;
			files = (
				E791CF6419FA595A00DECDC4 /* HaskellSpriteKit.framework in Frameworks */,
			);
			runOnlyForDeploymentPostprocessing = 0;
		};
/* End PBXFrameworksBuildPhase section */

/* Begin PBXGroup section */
		E791CF4E19FA595A00DECDC4 = {
			isa = PBXGroup;
			children = (
				E791CF5A19FA595A00DECDC4 /* HaskellSpriteKit */,
				E791CF6719FA595A00DECDC4 /* HaskellSpriteKitTests */,
				E791CF5919FA595A00DECDC4 /* Products */,
			);
			sourceTree = "<group>";
		};
		E791CF5919FA595A00DECDC4 /* Products */ = {
			isa = PBXGroup;
			children = (
				E791CF5819FA595A00DECDC4 /* HaskellSpriteKit.framework */,
				E791CF6319FA595A00DECDC4 /* HaskellSpriteKitTests.xctest */,
			);
			name = Products;
			sourceTree = "<group>";
		};
		E791CF5A19FA595A00DECDC4 /* HaskellSpriteKit */ = {
			isa = PBXGroup;
			children = (
				E791CF5D19FA595A00DECDC4 /* HaskellSpriteKit.h */,
				E731781219FFA3C800D8FDC0 /* HaskellSKDisplay.swift */,
				E7C2E2CE1A317D1600ECE3D3 /* StablePtrBox.h */,
				E7C2E2CF1A317D1600ECE3D3 /* StablePtrBox.m */,
				E791CF5B19FA595A00DECDC4 /* Supporting Files */,
				E791CF8019FCA7DC00DECDC4 /* spritekit */,
				E7802A621C04020E00984E02 /* FixShapeNode.swift */,
			);
			path = HaskellSpriteKit;
			sourceTree = "<group>";
		};
		E791CF5B19FA595A00DECDC4 /* Supporting Files */ = {
			isa = PBXGroup;
			children = (
				E791CF5C19FA595A00DECDC4 /* Info.plist */,
				E7A6E37C1D8E74CD001052EB /* CompileHaskellFiles.sh */,
			);
			name = "Supporting Files";
			sourceTree = "<group>";
		};
		E791CF6719FA595A00DECDC4 /* HaskellSpriteKitTests */ = {
			isa = PBXGroup;
			children = (
				E791CF6A19FA595A00DECDC4 /* HaskellSpriteKitTests.swift */,
				E791CF6819FA595A00DECDC4 /* Supporting Files */,
			);
			path = HaskellSpriteKitTests;
			sourceTree = "<group>";
		};
		E791CF6819FA595A00DECDC4 /* Supporting Files */ = {
			isa = PBXGroup;
			children = (
				E791CF6919FA595A00DECDC4 /* Info.plist */,
			);
			name = "Supporting Files";
			sourceTree = "<group>";
		};
		E791CF8019FCA7DC00DECDC4 /* spritekit */ = {
			isa = PBXGroup;
			children = (
				E791CF8D19FCAB9C00DECDC4 /* spritekit.cabal */,
				E791CF8119FCA7E400DECDC4 /* Graphics */,
			);
			name = spritekit;
			sourceTree = "<group>";
		};
		E791CF8119FCA7E400DECDC4 /* Graphics */ = {
			isa = PBXGroup;
			children = (
				E791CF8419FCA81B00DECDC4 /* SpriteKit */,
				E791CF8219FCA80A00DECDC4 /* SpriteKit.hs */,
			);
			name = Graphics;
			sourceTree = "<group>";
		};
		E791CF8419FCA81B00DECDC4 /* SpriteKit */ = {
			isa = PBXGroup;
			children = (
				E728343A1D66D6B200793F82 /* PhysicsBody.hs */,
				E728343B1D66D6B200793F82 /* PhysicsWorld.hs */,
				E7C9F01D1A6E3E6600913B76 /* Image.hs */,
				E78531151A36FB9800B6A6B0 /* Event.hs */,
				E790190B1A24358E00866C23 /* Action.hs */,
				E791CF8519FCA81B00DECDC4 /* Color.hs */,
				E791CF8619FCA81B00DECDC4 /* Geometry.hs */,
				E74788961A2B1BF900602E9E /* IO.hs */,
				E791CF8719FCA81B00DECDC4 /* Node.hs */,
				E7C5DB341A0B3C19002F6469 /* Path.hs */,
				E725AA3F1A2464AD00A40C62 /* Types.hs */,
				E7BDCA7B1A2EC74100FF02A0 /* Scene.hs */,
				E791CF8819FCA81B00DECDC4 /* Texture.hs */,
			);
			name = SpriteKit;
			path = spritekit/Graphics/SpriteKit;
			sourceTree = "<group>";
		};
/* End PBXGroup section */

/* Begin PBXHeadersBuildPhase section */
		E791CF5519FA595A00DECDC4 /* Headers */ = {
			isa = PBXHeadersBuildPhase;
			buildActionMask = 2147483647;
			files = (
				E7C2E2D01A317D1600ECE3D3 /* StablePtrBox.h in Headers */,
				E791CF5E19FA595A00DECDC4 /* HaskellSpriteKit.h in Headers */,
			);
			runOnlyForDeploymentPostprocessing = 0;
		};
/* End PBXHeadersBuildPhase section */

/* Begin PBXNativeTarget section */
		E791CF5719FA595A00DECDC4 /* HaskellSpriteKit */ = {
			isa = PBXNativeTarget;
			buildConfigurationList = E791CF6E19FA595A00DECDC4 /* Build configuration list for PBXNativeTarget "HaskellSpriteKit" */;
			buildPhases = (
				E791CF7D19FCA57800DECDC4 /* Compile Haskell code */,
				E731781519FFAF3300D8FDC0 /* Copy generated public headers */,
				E791CF5319FA595A00DECDC4 /* Sources */,
				E791CF5519FA595A00DECDC4 /* Headers */,
			);
			buildRules = (
				E731780A19FF822000D8FDC0 /* PBXBuildRule */,
			);
			dependencies = (
			);
			name = HaskellSpriteKit;
			productName = HaskellSpriteKit;
			productReference = E791CF5819FA595A00DECDC4 /* HaskellSpriteKit.framework */;
			productType = "com.apple.product-type.framework";
		};
		E791CF6219FA595A00DECDC4 /* HaskellSpriteKitTests */ = {
			isa = PBXNativeTarget;
			buildConfigurationList = E791CF7119FA595A00DECDC4 /* Build configuration list for PBXNativeTarget "HaskellSpriteKitTests" */;
			buildPhases = (
				E791CF5F19FA595A00DECDC4 /* Sources */,
				E791CF6019FA595A00DECDC4 /* Frameworks */,
				E791CF6119FA595A00DECDC4 /* Resources */,
			);
			buildRules = (
			);
			dependencies = (
				E791CF6619FA595A00DECDC4 /* PBXTargetDependency */,
			);
			name = HaskellSpriteKitTests;
			productName = HaskellSpriteKitTests;
			productReference = E791CF6319FA595A00DECDC4 /* HaskellSpriteKitTests.xctest */;
			productType = "com.apple.product-type.bundle.unit-test";
		};
/* End PBXNativeTarget section */

/* Begin PBXProject section */
		E791CF4F19FA595A00DECDC4 /* Project object */ = {
			isa = PBXProject;
			attributes = {
				LastSwiftUpdateCheck = 0700;
				LastUpgradeCheck = 0610;
				ORGANIZATIONNAME = "Manuel M T Chakravarty";
				TargetAttributes = {
					E791CF5719FA595A00DECDC4 = {
						CreatedOnToolsVersion = 6.1;
						LastSwiftMigration = 0800;
					};
					E791CF6219FA595A00DECDC4 = {
						CreatedOnToolsVersion = 6.1;
						LastSwiftMigration = 0800;
					};
				};
			};
			buildConfigurationList = E791CF5219FA595A00DECDC4 /* Build configuration list for PBXProject "HaskellSpriteKit" */;
			compatibilityVersion = "Xcode 3.2";
			developmentRegion = English;
			hasScannedForEncodings = 0;
			knownRegions = (
				en,
			);
			mainGroup = E791CF4E19FA595A00DECDC4;
			productRefGroup = E791CF5919FA595A00DECDC4 /* Products */;
			projectDirPath = "";
			projectRoot = "";
			targets = (
				E791CF5719FA595A00DECDC4 /* HaskellSpriteKit */,
				E791CF6219FA595A00DECDC4 /* HaskellSpriteKitTests */,
			);
		};
/* End PBXProject section */

/* Begin PBXResourcesBuildPhase section */
		E791CF6119FA595A00DECDC4 /* Resources */ = {
			isa = PBXResourcesBuildPhase;
			buildActionMask = 2147483647;
			files = (
			);
			runOnlyForDeploymentPostprocessing = 0;
		};
/* End PBXResourcesBuildPhase section */

/* Begin PBXShellScriptBuildPhase section */
		E731781519FFAF3300D8FDC0 /* Copy generated public headers */ = {
			isa = PBXShellScriptBuildPhase;
			buildActionMask = 2147483647;
			files = (
			);
			inputPaths = (
			);
			name = "Copy generated public headers";
			outputPaths = (
			);
			runOnlyForDeploymentPostprocessing = 0;
			shellPath = /bin/sh;
			shellScript = "# Copy all public generated headers to the framework's 'Headers' directory\necho \"Copying generated public headers to ${BUILT_PRODUCTS_DIR}/${PROJECT_HEADERS_FOLDER_PATH}...\"\nfiles=\"Color_objc.h Geometry_objc.h Node_objc.h Texture_objc.h\"\nfor file in $files; do\n  if [ -e ${DERIVED_FILE_DIR}/$file ]; then\n    echo \"  ${DERIVED_FILE_DIR}/$file\"\n    ditto ${DERIVED_FILE_DIR}/$file ${BUILT_PRODUCTS_DIR}/${PROJECT_HEADERS_FOLDER_PATH}/$file\n  fi\ndone\n";
			showEnvVarsInLog = 0;
		};
		E791CF7D19FCA57800DECDC4 /* Compile Haskell code */ = {
			isa = PBXShellScriptBuildPhase;
			buildActionMask = 2147483647;
			files = (
			);
			inputPaths = (
				"$(SRCROOT)/HaskellSpriteKit/spritekit/Graphics/SpriteKit.hs",
				"$(SRCROOT)/HaskellSpriteKit/spritekit/Graphics/SpriteKit/Color.hs",
				"$(SRCROOT)/HaskellSpriteKit/spritekit/Graphics/SpriteKit/Geometry.hs",
				"$(SRCROOT)/HaskellSpriteKit/spritekit/Graphics/SpriteKit/Node.hs",
				"$(SRCROOT)/HaskellSpriteKit/spritekit/Graphics/SpriteKit/Texture.hs",
				"$(SRCROOT)/HaskellSpriteKit/spritekit/Graphics/SpriteKit/Path.hs",
				"$(SRCROOT)/HaskellSpriteKit/spritekit/Graphics/SpriteKit/Types.hs",
				"$(SRCROOT)/HaskellSpriteKit/spritekit/Graphics/SpriteKit/Action.hs",
				"$(SRCROOT)/HaskellSpriteKit/spritekit/Graphics/SpriteKit/IO.hs",
				"$(SRCROOT)/HaskellSpriteKit/spritekit/Graphics/SpriteKit/Scene.hs",
				"$(SRCROOT)/HaskellSpriteKit/spritekit/Graphics/SpriteKit/Event.hs",
				"$(SRCROOT)/HaskellSpriteKit/spritekit/Graphics/SpriteKit/Image.hs",
				"$(SRCROOT)/HaskellSpriteKit/spritekit/Graphics/SpriteKit/PhysicsBody.hs",
				"$(SRCROOT)/HaskellSpriteKit/spritekit/Graphics/SpriteKit/PhysicsWorld.hs",
			);
			name = "Compile Haskell code";
			outputPaths = (
				"$(DERIVED_FILE_DIR)/Color_objc.h",
				"$(DERIVED_FILE_DIR)/Color_objc.m",
				"$(DERIVED_FILE_DIR)/Geometry_objc.h",
				"$(DERIVED_FILE_DIR)/Geometry_objc.m",
				"$(DERIVED_FILE_DIR)/Node_objc.h",
				"$(DERIVED_FILE_DIR)/Node_objc.m",
				"$(DERIVED_FILE_DIR)/Texture_objc.h",
				"$(DERIVED_FILE_DIR)/Texture_objc.m",
				"$(DERIVED_FILE_DIR)/Path_objc.h",
				"$(DERIVED_FILE_DIR)/Path_objc.m",
				"$(DERIVED_FILE_DIR)/Action_objc.h",
				"$(DERIVED_FILE_DIR)/Action_objc.m",
				"$(DERIVED_FILE_DIR)/Scene_objc.h",
				"$(DERIVED_FILE_DIR)/Scene_objc.m",
				"$(DERIVED_FILE_DIR)/Event_objc.h",
				"$(DERIVED_FILE_DIR)/Event_objc.m",
				"$(DERIVED_FILE_DIR)/Image_objc.h",
				"$(DERIVED_FILE_DIR)/Image_objc.m",
				"$(DERIVED_FILE_DIR)/PhysicsBody_objc.h",
				"$(DERIVED_FILE_DIR)/PhysicsBody_objc.m",
				"$(DERIVED_FILE_DIR)/PhysicsWorld_objc.h",
				"$(DERIVED_FILE_DIR)/PhysicsWorld_objc.m",
			);
			runOnlyForDeploymentPostprocessing = 0;
			shellPath = /bin/sh;
			shellScript = "source HaskellSpriteKit/CompileHaskellFiles.sh";
		};
/* End PBXShellScriptBuildPhase section */

/* Begin PBXSourcesBuildPhase section */
		E791CF5319FA595A00DECDC4 /* Sources */ = {
			isa = PBXSourcesBuildPhase;
			buildActionMask = 2147483647;
			files = (
				E728343E1D66D6CB00793F82 /* PhysicsWorld.hs in Sources */,
				E7C9F01F1A6E3EA100913B76 /* Image.hs in Sources */,
				E731781319FFA3C800D8FDC0 /* HaskellSKDisplay.swift in Sources */,
				E790190D1A2435C200866C23 /* Action.hs in Sources */,
				E7802A631C04020E00984E02 /* FixShapeNode.swift in Sources */,
				E731780B19FF835700D8FDC0 /* Color.hs in Sources */,
				E731780C19FF835900D8FDC0 /* Geometry.hs in Sources */,
				E7C2E2D11A317D1600ECE3D3 /* StablePtrBox.m in Sources */,
				E7C5DB361A0B3C2D002F6469 /* Path.hs in Sources */,
				E731780D19FF835B00D8FDC0 /* Node.hs in Sources */,
				E7C2E2CB1A3083F200ECE3D3 /* Scene.hs in Sources */,
				E731780E19FF835C00D8FDC0 /* Texture.hs in Sources */,
				E728343F1D66D6D300793F82 /* PhysicsBody.hs in Sources */,
				E78531171A36FBB400B6A6B0 /* Event.hs in Sources */,
			);
			runOnlyForDeploymentPostprocessing = 0;
		};
		E791CF5F19FA595A00DECDC4 /* Sources */ = {
			isa = PBXSourcesBuildPhase;
			buildActionMask = 2147483647;
			files = (
				E791CF6B19FA595A00DECDC4 /* HaskellSpriteKitTests.swift in Sources */,
			);
			runOnlyForDeploymentPostprocessing = 0;
		};
/* End PBXSourcesBuildPhase section */

/* Begin PBXTargetDependency section */
		E791CF6619FA595A00DECDC4 /* PBXTargetDependency */ = {
			isa = PBXTargetDependency;
			target = E791CF5719FA595A00DECDC4 /* HaskellSpriteKit */;
			targetProxy = E791CF6519FA595A00DECDC4 /* PBXContainerItemProxy */;
		};
/* End PBXTargetDependency section */

/* Begin XCBuildConfiguration section */
		E791CF6C19FA595A00DECDC4 /* Debug */ = {
			isa = XCBuildConfiguration;
			buildSettings = {
				ALWAYS_SEARCH_USER_PATHS = NO;
				CLANG_CXX_LANGUAGE_STANDARD = "gnu++0x";
				CLANG_CXX_LIBRARY = "libc++";
				CLANG_ENABLE_MODULES = YES;
				CLANG_ENABLE_OBJC_ARC = YES;
				CLANG_WARN_BOOL_CONVERSION = YES;
				CLANG_WARN_CONSTANT_CONVERSION = YES;
				CLANG_WARN_DIRECT_OBJC_ISA_USAGE = YES_ERROR;
				CLANG_WARN_EMPTY_BODY = YES;
				CLANG_WARN_ENUM_CONVERSION = YES;
				CLANG_WARN_INT_CONVERSION = YES;
				CLANG_WARN_OBJC_ROOT_CLASS = YES_ERROR;
				CLANG_WARN_UNREACHABLE_CODE = YES;
				CLANG_WARN__DUPLICATE_METHOD_MATCH = YES;
				COPY_PHASE_STRIP = NO;
				CURRENT_PROJECT_VERSION = 0.9.0.1;
				ENABLE_STRICT_OBJC_MSGSEND = YES;
				GCC_C_LANGUAGE_STANDARD = gnu99;
				GCC_DYNAMIC_NO_PIC = NO;
				GCC_OPTIMIZATION_LEVEL = 0;
				GCC_PREPROCESSOR_DEFINITIONS = (
					"DEBUG=1",
					"$(inherited)",
				);
				GCC_SYMBOLS_PRIVATE_EXTERN = NO;
				GCC_WARN_64_TO_32_BIT_CONVERSION = YES;
				GCC_WARN_ABOUT_RETURN_TYPE = YES_ERROR;
				GCC_WARN_UNDECLARED_SELECTOR = YES;
				GCC_WARN_UNINITIALIZED_AUTOS = YES_AGGRESSIVE;
				GCC_WARN_UNUSED_FUNCTION = YES;
				GCC_WARN_UNUSED_VARIABLE = YES;
				MACOSX_DEPLOYMENT_TARGET = 10.10;
				MTL_ENABLE_DEBUG_INFO = YES;
				ONLY_ACTIVE_ARCH = YES;
				SDKROOT = macosx;
				SWIFT_OPTIMIZATION_LEVEL = "-Onone";
				VERSIONING_SYSTEM = "apple-generic";
				VERSION_INFO_PREFIX = "";
			};
			name = Debug;
		};
		E791CF6D19FA595A00DECDC4 /* Release */ = {
			isa = XCBuildConfiguration;
			buildSettings = {
				ALWAYS_SEARCH_USER_PATHS = NO;
				CLANG_CXX_LANGUAGE_STANDARD = "gnu++0x";
				CLANG_CXX_LIBRARY = "libc++";
				CLANG_ENABLE_MODULES = YES;
				CLANG_ENABLE_OBJC_ARC = YES;
				CLANG_WARN_BOOL_CONVERSION = YES;
				CLANG_WARN_CONSTANT_CONVERSION = YES;
				CLANG_WARN_DIRECT_OBJC_ISA_USAGE = YES_ERROR;
				CLANG_WARN_EMPTY_BODY = YES;
				CLANG_WARN_ENUM_CONVERSION = YES;
				CLANG_WARN_INT_CONVERSION = YES;
				CLANG_WARN_OBJC_ROOT_CLASS = YES_ERROR;
				CLANG_WARN_UNREACHABLE_CODE = YES;
				CLANG_WARN__DUPLICATE_METHOD_MATCH = YES;
				COPY_PHASE_STRIP = YES;
				CURRENT_PROJECT_VERSION = 0.9.0.1;
				DEBUG_INFORMATION_FORMAT = "dwarf-with-dsym";
				ENABLE_NS_ASSERTIONS = NO;
				ENABLE_STRICT_OBJC_MSGSEND = YES;
				GCC_C_LANGUAGE_STANDARD = gnu99;
				GCC_WARN_64_TO_32_BIT_CONVERSION = YES;
				GCC_WARN_ABOUT_RETURN_TYPE = YES_ERROR;
				GCC_WARN_UNDECLARED_SELECTOR = YES;
				GCC_WARN_UNINITIALIZED_AUTOS = YES_AGGRESSIVE;
				GCC_WARN_UNUSED_FUNCTION = YES;
				GCC_WARN_UNUSED_VARIABLE = YES;
				MACOSX_DEPLOYMENT_TARGET = 10.10;
				MTL_ENABLE_DEBUG_INFO = NO;
				SDKROOT = macosx;
				VERSIONING_SYSTEM = "apple-generic";
				VERSION_INFO_PREFIX = "";
			};
			name = Release;
		};
		E791CF6F19FA595A00DECDC4 /* Debug */ = {
			isa = XCBuildConfiguration;
			buildSettings = {
				CLANG_ENABLE_MODULES = YES;
				COMBINE_HIDPI_IMAGES = YES;
				DEFINES_MODULE = YES;
				DYLIB_COMPATIBILITY_VERSION = 1;
				DYLIB_CURRENT_VERSION = 1;
				DYLIB_INSTALL_NAME_BASE = "@rpath";
				FRAMEWORK_SEARCH_PATHS = (
					"$(inherited)",
					"/Users/chak/Code/HaskellForMac/HaskellForMac/BinaryFrameworks/$(CONFIGURATION)",
				);
				FRAMEWORK_VERSION = A;
				INFOPLIST_FILE = HaskellSpriteKit/Info.plist;
				INSTALL_PATH = "$(LOCAL_LIBRARY_DIR)/Frameworks";
				LD_RUNPATH_SEARCH_PATHS = "$(inherited) @executable_path/../Frameworks @loader_path/Frameworks @executable_path/../Frameworks/GHC.framework/Versions/Current/usr/lib/ghc";
				MACOSX_DEPLOYMENT_TARGET = 10.10;
				OTHER_LDFLAGS = (
					"-Xlinker",
					"-U",
					"-Xlinker",
					_hs_free_stable_ptr,
				);
				PRODUCT_NAME = "$(TARGET_NAME)";
				SKIP_INSTALL = YES;
				SWIFT_OBJC_BRIDGING_HEADER = "";
				SWIFT_OPTIMIZATION_LEVEL = "-Onone";
				SWIFT_VERSION = 2.3;
			};
			name = Debug;
		};
		E791CF7019FA595A00DECDC4 /* Release */ = {
			isa = XCBuildConfiguration;
			buildSettings = {
				CLANG_ENABLE_MODULES = YES;
				COMBINE_HIDPI_IMAGES = YES;
				DEFINES_MODULE = YES;
				DYLIB_COMPATIBILITY_VERSION = 1;
				DYLIB_CURRENT_VERSION = 1;
				DYLIB_INSTALL_NAME_BASE = "@rpath";
				FRAMEWORK_SEARCH_PATHS = (
					"$(inherited)",
					"/Users/chak/Code/HaskellForMac/HaskellForMac/BinaryFrameworks/$(CONFIGURATION)",
				);
				FRAMEWORK_VERSION = A;
				INFOPLIST_FILE = HaskellSpriteKit/Info.plist;
				INSTALL_PATH = "$(LOCAL_LIBRARY_DIR)/Frameworks";
				LD_RUNPATH_SEARCH_PATHS = "$(inherited) @executable_path/../Frameworks @loader_path/Frameworks @executable_path/../Frameworks/GHC.framework/Versions/Current/usr/lib/ghc";
				MACOSX_DEPLOYMENT_TARGET = 10.10;
				OTHER_LDFLAGS = (
					"-Xlinker",
					"-U",
					"-Xlinker",
					_hs_free_stable_ptr,
				);
				PRODUCT_NAME = "$(TARGET_NAME)";
				SKIP_INSTALL = YES;
				SWIFT_OBJC_BRIDGING_HEADER = "";
				SWIFT_VERSION = 2.3;
			};
			name = Release;
		};
		E791CF7219FA595A00DECDC4 /* Debug */ = {
			isa = XCBuildConfiguration;
			buildSettings = {
				COMBINE_HIDPI_IMAGES = YES;
				FRAMEWORK_SEARCH_PATHS = (
					"$(DEVELOPER_FRAMEWORKS_DIR)",
					"$(inherited)",
					/Users/chak/Code/HaskellForMac/HaskellForMac/BinaryFrameworks/Debug,
				);
				GCC_PREPROCESSOR_DEFINITIONS = (
					"DEBUG=1",
					"$(inherited)",
				);
				INFOPLIST_FILE = HaskellSpriteKitTests/Info.plist;
				LD_RUNPATH_SEARCH_PATHS = "$(inherited) @executable_path/../Frameworks @loader_path/../Frameworks";
				PRODUCT_NAME = "$(TARGET_NAME)";
				SWIFT_VERSION = 2.3;
			};
			name = Debug;
		};
		E791CF7319FA595A00DECDC4 /* Release */ = {
			isa = XCBuildConfiguration;
			buildSettings = {
				COMBINE_HIDPI_IMAGES = YES;
				FRAMEWORK_SEARCH_PATHS = (
					"$(DEVELOPER_FRAMEWORKS_DIR)",
					"$(inherited)",
					/Users/chak/Code/HaskellForMac/HaskellForMac/BinaryFrameworks/Debug,
				);
				INFOPLIST_FILE = HaskellSpriteKitTests/Info.plist;
				LD_RUNPATH_SEARCH_PATHS = "$(inherited) @executable_path/../Frameworks @loader_path/../Frameworks";
				PRODUCT_NAME = "$(TARGET_NAME)";
				SWIFT_VERSION = 2.3;
			};
			name = Release;
		};
/* End XCBuildConfiguration section */

/* Begin XCConfigurationList section */
		E791CF5219FA595A00DECDC4 /* Build configuration list for PBXProject "HaskellSpriteKit" */ = {
			isa = XCConfigurationList;
			buildConfigurations = (
				E791CF6C19FA595A00DECDC4 /* Debug */,
				E791CF6D19FA595A00DECDC4 /* Release */,
			);
			defaultConfigurationIsVisible = 0;
			defaultConfigurationName = Release;
		};
		E791CF6E19FA595A00DECDC4 /* Build configuration list for PBXNativeTarget "HaskellSpriteKit" */ = {
			isa = XCConfigurationList;
			buildConfigurations = (
				E791CF6F19FA595A00DECDC4 /* Debug */,
				E791CF7019FA595A00DECDC4 /* Release */,
			);
			defaultConfigurationIsVisible = 0;
			defaultConfigurationName = Release;
		};
		E791CF7119FA595A00DECDC4 /* Build configuration list for PBXNativeTarget "HaskellSpriteKitTests" */ = {
			isa = XCConfigurationList;
			buildConfigurations = (
				E791CF7219FA595A00DECDC4 /* Debug */,
				E791CF7319FA595A00DECDC4 /* Release */,
			);
			defaultConfigurationIsVisible = 0;
			defaultConfigurationName = Release;
		};
/* End XCConfigurationList section */
	};
	rootObject = E791CF4F19FA595A00DECDC4 /* Project object */;
}
